// !$*UTF8*$!
{
	archiveVersion = 1;
	classes = {
	};
	objectVersion = 46;
	objects = {

/* Begin PBXBuildFile section */
		AA6E80961CF9105600228557 /* main.m in Sources */ = {isa = PBXBuildFile; fileRef = AA6E80951CF9105500228557 /* main.m */; };
		AA6E80991CF9105600228557 /* AppDelegate.m in Sources */ = {isa = PBXBuildFile; fileRef = AA6E80981CF9105600228557 /* AppDelegate.m */; };
		AA6E809C1CF9105600228557 /* Start.m in Sources */ = {isa = PBXBuildFile; fileRef = AA6E809B1CF9105600228557 /* Start.m */; };
		AA6E809F1CF9105600228557 /* Main.storyboard in Resources */ = {isa = PBXBuildFile; fileRef = AA6E809D1CF9105600228557 /* Main.storyboard */; };
		AA6E80A21CF9105600228557 /* My_First_Project.xcdatamodeld in Sources */ = {isa = PBXBuildFile; fileRef = AA6E80A01CF9105600228557 /* My_First_Project.xcdatamodeld */; };
		AA6E80A41CF9105600228557 /* Assets.xcassets in Resources */ = {isa = PBXBuildFile; fileRef = AA6E80A31CF9105600228557 /* Assets.xcassets */; };
		AA6E80A71CF9105600228557 /* LaunchScreen.storyboard in Resources */ = {isa = PBXBuildFile; fileRef = AA6E80A51CF9105600228557 /* LaunchScreen.storyboard */; };
/* End PBXBuildFile section */

/* Begin PBXFileReference section */
		AA6E80911CF9105500228557 /* My First Project.app */ = {isa = PBXFileReference; explicitFileType = wrapper.application; includeInIndex = 0; path = "My First Project.app"; sourceTree = BUILT_PRODUCTS_DIR; };
		AA6E80951CF9105500228557 /* main.m */ = {isa = PBXFileReference; lastKnownFileType = sourcecode.c.objc; path = main.m; sourceTree = "<group>"; };
		AA6E80971CF9105600228557 /* AppDelegate.h */ = {isa = PBXFileReference; lastKnownFileType = sourcecode.c.h; path = AppDelegate.h; sourceTree = "<group>"; };
		AA6E80981CF9105600228557 /* AppDelegate.m */ = {isa = PBXFileReference; lastKnownFileType = sourcecode.c.objc; path = AppDelegate.m; sourceTree = "<group>"; };
		AA6E809A1CF9105600228557 /* Start.h */ = {isa = PBXFileReference; lastKnownFileType = sourcecode.c.h; path = Start.h; sourceTree = "<group>"; };
		AA6E809B1CF9105600228557 /* Start.m */ = {isa = PBXFileReference; lastKnownFileType = sourcecode.c.objc; path = Start.m; sourceTree = "<group>"; };
		AA6E809E1CF9105600228557 /* Base */ = {isa = PBXFileReference; lastKnownFileType = file.storyboard; name = Base; path = Base.lproj/Main.storyboard; sourceTree = "<group>"; };
		AA6E80A11CF9105600228557 /* My_First_Project.xcdatamodel */ = {isa = PBXFileReference; lastKnownFileType = wrapper.xcdatamodel; path = My_First_Project.xcdatamodel; sourceTree = "<group>"; };
		AA6E80A31CF9105600228557 /* Assets.xcassets */ = {isa = PBXFileReference; lastKnownFileType = folder.assetcatalog; path = Assets.xcassets; sourceTree = "<group>"; };
		AA6E80A61CF9105600228557 /* Base */ = {isa = PBXFileReference; lastKnownFileType = file.storyboard; name = Base; path = Base.lproj/LaunchScreen.storyboard; sourceTree = "<group>"; };
		AA6E80A81CF9105600228557 /* Info.plist */ = {isa = PBXFileReference; lastKnownFileType = text.plist.xml; path = Info.plist; sourceTree = "<group>"; };
/* End PBXFileReference section */

/* Begin PBXFrameworksBuildPhase section */
		AA6E808E1CF9105500228557 /* Frameworks */ = {
			isa = PBXFrameworksBuildPhase;
			buildActionMask = 2147483647;
			files = (
			);
			runOnlyForDeploymentPostprocessing = 0;
		};
/* End PBXFrameworksBuildPhase section */

/* Begin PBXGroup section */
		AA6E80881CF9105500228557 = {
			isa = PBXGroup;
			children = (
				AA6E80931CF9105500228557 /* My First Project */,
				AA6E80921CF9105500228557 /* Products */,
			);
			sourceTree = "<group>";
		};
		AA6E80921CF9105500228557 /* Products */ = {
			isa = PBXGroup;
			children = (
				AA6E80911CF9105500228557 /* My First Project.app */,
			);
			name = Products;
			sourceTree = "<group>";
		};
		AA6E80931CF9105500228557 /* My First Project */ = {
			isa = PBXGroup;
			children = (
				AA6E80AF1CF9118800228557 /* controllers */,
				AA6E80AE1CF9118000228557 /* main */,
				AA6E809D1CF9105600228557 /* Main.storyboard */,
				AA6E80A31CF9105600228557 /* Assets.xcassets */,
				AA6E80A51CF9105600228557 /* LaunchScreen.storyboard */,
				AA6E80A81CF9105600228557 /* Info.plist */,
				AA6E80A01CF9105600228557 /* My_First_Project.xcdatamodeld */,
				AA6E80941CF9105500228557 /* Supporting Files */,
			);
			path = "My First Project";
			sourceTree = "<group>";
		};
		AA6E80941CF9105500228557 /* Supporting Files */ = {
			isa = PBXGroup;
			children = (
				AA6E80951CF9105500228557 /* main.m */,
			);
			name = "Supporting Files";
			sourceTree = "<group>";
		};
		AA6E80AE1CF9118000228557 /* main */ = {
			isa = PBXGroup;
			children = (
				AA6E80981CF9105600228557 /* AppDelegate.m */,
				AA6E80971CF9105600228557 /* AppDelegate.h */,
			);
			name = main;
			sourceTree = "<group>";
		};
		AA6E80AF1CF9118800228557 /* controllers */ = {
			isa = PBXGroup;
			children = (
				AA6E809B1CF9105600228557 /* Start.m */,
				AA6E809A1CF9105600228557 /* Start.h */,
			);
			name = controllers;
			sourceTree = "<group>";
		};
/* End PBXGroup section */

/* Begin PBXNativeTarget section */
		AA6E80901CF9105500228557 /* My First Project */ = {
			isa = PBXNativeTarget;
			buildConfigurationList = AA6E80AB1CF9105600228557 /* Build configuration list for PBXNativeTarget "My First Project" */;
			buildPhases = (
				AA6E808D1CF9105500228557 /* Sources */,
				AA6E808E1CF9105500228557 /* Frameworks */,
				AA6E808F1CF9105500228557 /* Resources */,
			);
			buildRules = (
			);
			dependencies = (
			);
			name = "My First Project";
			productName = "My First Project";
			productReference = AA6E80911CF9105500228557 /* My First Project.app */;
			productType = "com.apple.product-type.application";
		};
/* End PBXNativeTarget section */

/* Begin PBXProject section */
		AA6E80891CF9105500228557 /* Project object */ = {
			isa = PBXProject;
			attributes = {
				LastUpgradeCheck = 0730;
				ORGANIZATIONNAME = "Christian Barragan";
				TargetAttributes = {
					AA6E80901CF9105500228557 = {
						CreatedOnToolsVersion = 7.3.1;
						DevelopmentTeam = RS366PBKK3;
					};
				};
			};
			buildConfigurationList = AA6E808C1CF9105500228557 /* Build configuration list for PBXProject "My First Project" */;
			compatibilityVersion = "Xcode 3.2";
			developmentRegion = English;
			hasScannedForEncodings = 0;
			knownRegions = (
				en,
				Base,
			);
			mainGroup = AA6E80881CF9105500228557;
			productRefGroup = AA6E80921CF9105500228557 /* Products */;
			projectDirPath = "";
			projectRoot = "";
			targets = (
				AA6E80901CF9105500228557 /* My First Project */,
			);
		};
/* End PBXProject section */

/* Begin PBXResourcesBuildPhase section */
		AA6E808F1CF9105500228557 /* Resources */ = {
			isa = PBXResourcesBuildPhase;
			buildActionMask = 2147483647;
			files = (
				AA6E80A71CF9105600228557 /* LaunchScreen.storyboard in Resources */,
				AA6E80A41CF9105600228557 /* Assets.xcassets in Resources */,
				AA6E809F1CF9105600228557 /* Main.storyboard in Resources */,
			);
			runOnlyForDeploymentPostprocessing = 0;
		};
/* End PBXResourcesBuildPhase section */

/* Begin PBXSourcesBuildPhase section */
		AA6E808D1CF9105500228557 /* Sources */ = {
			isa = PBXSourcesBuildPhase;
			buildActionMask = 2147483647;
			files = (
				AA6E80A21CF9105600228557 /* My_First_Project.xcdatamodeld in Sources */,
				AA6E809C1CF9105600228557 /* Start.m in Sources */,
				AA6E80991CF9105600228557 /* AppDelegate.m in Sources */,
				AA6E80961CF9105600228557 /* main.m in Sources */,
			);
			runOnlyForDeploymentPostprocessing = 0;
		};
/* End PBXSourcesBuildPhase section */

/* Begin PBXVariantGroup section */
		AA6E809D1CF9105600228557 /* Main.storyboard */ = {
			isa = PBXVariantGroup;
			children = (
				AA6E809E1CF9105600228557 /* Base */,
			);
			name = Main.storyboard;
			sourceTree = "<group>";
		};
		AA6E80A51CF9105600228557 /* LaunchScreen.storyboard */ = {
			isa = PBXVariantGroup;
			children = (
				AA6E80A61CF9105600228557 /* Base */,
			);
			name = LaunchScreen.storyboard;
			sourceTree = "<group>";
		};
/* End PBXVariantGroup section */

/* Begin XCBuildConfiguration section */
		AA6E80A91CF9105600228557 /* Debug */ = {
			isa = XCBuildConfiguration;
			buildSettings = {
				ALWAYS_SEARCH_USER_PATHS = NO;
				CLANG_ANALYZER_NONNULL = YES;
				CLANG_CXX_LANGUAGE_STANDARD = "gnu++0x";
				CLANG_CXX_LIBRARY = "libc++";
				CLANG_ENABLE_MODULES = YES;
				CLANG_ENABLE_OBJC_ARC = YES;
				CLANG_WARN_BOOL_CONVERSION = YES;
				CLANG_WARN_CONSTANT_CONVERSION = YES;
				CLANG_WARN_DIRECT_OBJC_ISA_USAGE = YES_ERROR;
				CLANG_WARN_EMPTY_BODY = YES;
				CLANG_WARN_ENUM_CONVERSION = YES;
				CLANG_WARN_INT_CONVERSION = YES;
				CLANG_WARN_OBJC_ROOT_CLASS = YES_ERROR;
				CLANG_WARN_UNREACHABLE_CODE = YES;
				CLANG_WARN__DUPLICATE_METHOD_MATCH = YES;
				"CODE_SIGN_IDENTITY[sdk=iphoneos*]" = "iPhone Developer";
				COPY_PHASE_STRIP = NO;
				DEBUG_INFORMATION_FORMAT = dwarf;
				ENABLE_STRICT_OBJC_MSGSEND = YES;
				ENABLE_TESTABILITY = YES;
				GCC_C_LANGUAGE_STANDARD = gnu99;
				GCC_DYNAMIC_NO_PIC = NO;
				GCC_NO_COMMON_BLOCKS = YES;
				GCC_OPTIMIZATION_LEVEL = 0;
				GCC_PREPROCESSOR_DEFINITIONS = (
					"DEBUG=1",
					"$(inherited)",
				);
				GCC_WARN_64_TO_32_BIT_CONVERSION = YES;
				GCC_WARN_ABOUT_RETURN_TYPE = YES_ERROR;
				GCC_WARN_UNDECLARED_SELECTOR = YES;
				GCC_WARN_UNINITIALIZED_AUTOS = YES_AGGRESSIVE;
				GCC_WARN_UNUSED_FUNCTION = YES;
				GCC_WARN_UNUSED_VARIABLE = YES;
				IPHONEOS_DEPLOYMENT_TARGET = 9.3;
				MTL_ENABLE_DEBUG_INFO = YES;
				ONLY_ACTIVE_ARCH = YES;
				SDKROOT = iphoneos;
			};
			name = Debug;
		};
		AA6E80AA1CF9105600228557 /* Release */ = {
			isa = XCBuildConfiguration;
			buildSettings = {
				ALWAYS_SEARCH_USER_PATHS = NO;
				CLANG_ANALYZER_NONNULL = YES;
				CLANG_CXX_LANGUAGE_STANDARD = "gnu++0x";
				CLANG_CXX_LIBRARY = "libc++";
				CLANG_ENABLE_MODULES = YES;
				CLANG_ENABLE_OBJC_ARC = YES;
				CLANG_WARN_BOOL_CONVERSION = YES;
				CLANG_WARN_CONSTANT_CONVERSION = YES;
				CLANG_WARN_DIRECT_OBJC_ISA_USAGE = YES_ERROR;
				CLANG_WARN_EMPTY_BODY = YES;
				CLANG_WARN_ENUM_CONVERSION = YES;
				CLANG_WARN_INT_CONVERSION = YES;
				CLANG_WARN_OBJC_ROOT_CLASS = YES_ERROR;
				CLANG_WARN_UNREACHABLE_CODE = YES;
				CLANG_WARN__DUPLICATE_METHOD_MATCH = YES;
				"CODE_SIGN_IDENTITY[sdk=iphoneos*]" = "iPhone Developer";
				COPY_PHASE_STRIP = NO;
				DEBUG_INFORMATION_FORMAT = "dwarf-with-dsym";
				ENABLE_NS_ASSERTIONS = NO;
				ENABLE_STRICT_OBJC_MSGSEND = YES;
				GCC_C_LANGUAGE_STANDARD = gnu99;
				GCC_NO_COMMON_BLOCKS = YES;
				GCC_WARN_64_TO_32_BIT_CONVERSION = YES;
				GCC_WARN_ABOUT_RETURN_TYPE = YES_ERROR;
				GCC_WARN_UNDECLARED_SELECTOR = YES;
				GCC_WARN_UNINITIALIZED_AUTOS = YES_AGGRESSIVE;
				GCC_WARN_UNUSED_FUNCTION = YES;
				GCC_WARN_UNUSED_VARIABLE = YES;
				IPHONEOS_DEPLOYMENT_TARGET = 9.3;
				MTL_ENABLE_DEBUG_INFO = NO;
				SDKROOT = iphoneos;
				VALIDATE_PRODUCT = YES;
			};
			name = Release;
		};
		AA6E80AC1CF9105600228557 /* Debug */ = {
			isa = XCBuildConfiguration;
			buildSettings = {
				ASSETCATALOG_COMPILER_APPICON_NAME = AppIcon;
				CODE_SIGN_IDENTITY = "iPhone Developer";
				"CODE_SIGN_IDENTITY[sdk=iphoneos*]" = "iPhone Developer";
				INFOPLIST_FILE = "My First Project/Info.plist";
				IPHONEOS_DEPLOYMENT_TARGET = 8.1;
				LD_RUNPATH_SEARCH_PATHS = "$(inherited) @executable_path/Frameworks";
				PRODUCT_BUNDLE_IDENTIFIER = "com.barragan.My-First-Project";
				PRODUCT_NAME = "$(TARGET_NAME)";
				PROVISIONING_PROFILE = "";
			};
			name = Debug;
		};
		AA6E80AD1CF9105600228557 /* Release */ = {
			isa = XCBuildConfiguration;
			buildSettings = {
				ASSETCATALOG_COMPILER_APPICON_NAME = AppIcon;
				CODE_SIGN_IDENTITY = "iPhone Developer";
				"CODE_SIGN_IDENTITY[sdk=iphoneos*]" = "iPhone Developer";
				INFOPLIST_FILE = "My First Project/Info.plist";
				IPHONEOS_DEPLOYMENT_TARGET = 8.1;
				LD_RUNPATH_SEARCH_PATHS = "$(inherited) @executable_path/Frameworks";
				PRODUCT_BUNDLE_IDENTIFIER = "com.barragan.My-First-Project";
				PRODUCT_NAME = "$(TARGET_NAME)";
				PROVISIONING_PROFILE = "";
			};
			name = Release;
		};
/* End XCBuildConfiguration section */

/* Begin XCConfigurationList section */
		AA6E808C1CF9105500228557 /* Build configuration list for PBXProject "My First Project" */ = {
			isa = XCConfigurationList;
			buildConfigurations = (
				AA6E80A91CF9105600228557 /* Debug */,
				AA6E80AA1CF9105600228557 /* Release */,
			);
			defaultConfigurationIsVisible = 0;
			defaultConfigurationName = Release;
		};
		AA6E80AB1CF9105600228557 /* Build configuration list for PBXNativeTarget "My First Project" */ = {
			isa = XCConfigurationList;
			buildConfigurations = (
				AA6E80AC1CF9105600228557 /* Debug */,
				AA6E80AD1CF9105600228557 /* Release */,
			);
			defaultConfigurationIsVisible = 0;
		};
/* End XCConfigurationList section */

/* Begin XCVersionGroup section */
		AA6E80A01CF9105600228557 /* My_First_Project.xcdatamodeld */ = {
			isa = XCVersionGroup;
			children = (
				AA6E80A11CF9105600228557 /* My_First_Project.xcdatamodel */,
			);
			currentVersion = AA6E80A11CF9105600228557 /* My_First_Project.xcdatamodel */;
			path = My_First_Project.xcdatamodeld;
			sourceTree = "<group>";
			versionGroupType = wrapper.xcdatamodel;
		};
/* End XCVersionGroup section */
	};
	rootObject = AA6E80891CF9105500228557 /* Project object */;
}
